
Microsoft Visual Studio Solution File, Format Version 12.00
# Visual Studio 14
VisualStudioVersion = 14.0.25420.1
MinimumVisualStudioVersion = 10.0.40219.1
Project("{2150E333-8FDC-42A3-9474-1A3956D46DE8}") = "Sample.Web.Core", "Sample.Web.Core", "{325EFF17-0462-47BD-B3C1-3D3BF319A7AE}"
EndProject
Project("{2150E333-8FDC-42A3-9474-1A3956D46DE8}") = "Sample.Web.UI", "Sample.Web.UI", "{B621949C-F409-4DDD-A46C-517F5B54CABF}"
EndProject
Project("{2150E333-8FDC-42A3-9474-1A3956D46DE8}") = "Sample.Core", "Sample.Core", "{39371D32-EDE5-4B97-B736-66D9663E651E}"
EndProject
Project("{2150E333-8FDC-42A3-9474-1A3956D46DE8}") = "Sample.Repository", "Sample.Repository", "{C7F9215A-669B-471B-A0EA-A55F2C1633DA}"
EndProject
Project("{2150E333-8FDC-42A3-9474-1A3956D46DE8}") = "Sample.Service", "Sample.Service", "{382B6726-3430-4565-B31A-ECE9F1AC4293}"
EndProject
Project("{2150E333-8FDC-42A3-9474-1A3956D46DE8}") = "Sample.Test", "Sample.Test", "{0F954211-4B97-4585-8C45-518474B83607}"
EndProject
Project("{2150E333-8FDC-42A3-9474-1A3956D46DE8}") = "Sample.Web.Test", "Sample.Web.Test", "{54D2DFEF-C797-4106-B6F5-28096422751F}"
EndProject
Project("{2150E333-8FDC-42A3-9474-1A3956D46DE8}") = "Sample.Api", "Sample.Api", "{DD854147-E843-45B1-A751-B6801585016C}"
EndProject
Project("{2150E333-8FDC-42A3-9474-1A3956D46DE8}") = "Sample.Api.Test", "Sample.Api.Test", "{2ACEECD0-455B-434D-9C69-5CB3412E0AC2}"
EndProject
Project("{2150E333-8FDC-42A3-9474-1A3956D46DE8}") = "Sample.Api.SelfHost", "Sample.Api.SelfHost", "{12567217-3BF7-4934-A642-A339A7DFCA2E}"
EndProject
Project("{FAE04EC0-301F-11D3-BF4B-00C04F79EFBC}") = "Sample.Web.Core", "Sample.Web.Core\Sample.Web.Core.csproj", "{B971A345-2B24-4A71-BED4-17F601B1D996}"
EndProject
Project("{FAE04EC0-301F-11D3-BF4B-00C04F79EFBC}") = "Sample.Core", "Sample.Core\Sample.Core.csproj", "{215265EA-B19D-4B6C-A046-00B9D8F94EE4}"
EndProject
Project("{FAE04EC0-301F-11D3-BF4B-00C04F79EFBC}") = "Sample.Test", "Sample.Test\Sample.Test.csproj", "{B96DBA50-642E-4CA7-8D44-843023ADBA36}"
EndProject
Project("{FAE04EC0-301F-11D3-BF4B-00C04F79EFBC}") = "Sample.Api.Test", "Sample.Api.Test\Sample.Api.Test.csproj", "{9CF05A37-EB62-46DE-8F43-6603AC0AFD78}"
EndProject
Project("{FAE04EC0-301F-11D3-BF4B-00C04F79EFBC}") = "Sample.Api.SelfHost", "Sample.Api.SelfHost\Sample.Api.SelfHost.csproj", "{453CCC1F-9DCC-4C19-8E2B-B1E56FA3C2E0}"
EndProject
Project("{FAE04EC0-301F-11D3-BF4B-00C04F79EFBC}") = "Sample.Repository", "Sample.Repository\Sample.Repository.csproj", "{9C16156B-EFF4-472C-8FB6-CED56F04652D}"
EndProject
Project("{FAE04EC0-301F-11D3-BF4B-00C04F79EFBC}") = "Sample.Service", "Sample.Service\Sample.Service.csproj", "{833A491D-A85E-443F-9312-6062EE8237FA}"
EndProject
Project("{FAE04EC0-301F-11D3-BF4B-00C04F79EFBC}") = "Sample.Web.Test", "Sample.Web.Test\Sample.Web.Test.csproj", "{7F397C22-5328-4F66-B0A4-684EBA9564E6}"
EndProject
Global
	GlobalSection(SolutionConfigurationPlatforms) = preSolution
		Debug|Any CPU = Debug|Any CPU
		Release|Any CPU = Release|Any CPU
	EndGlobalSection
	GlobalSection(ProjectConfigurationPlatforms) = postSolution
		{B971A345-2B24-4A71-BED4-17F601B1D996}.Debug|Any CPU.ActiveCfg = Debug|Any CPU
		{B971A345-2B24-4A71-BED4-17F601B1D996}.Debug|Any CPU.Build.0 = Debug|Any CPU
		{B971A345-2B24-4A71-BED4-17F601B1D996}.Release|Any CPU.ActiveCfg = Release|Any CPU
		{B971A345-2B24-4A71-BED4-17F601B1D996}.Release|Any CPU.Build.0 = Release|Any CPU
		{215265EA-B19D-4B6C-A046-00B9D8F94EE4}.Debug|Any CPU.ActiveCfg = Debug|Any CPU
		{215265EA-B19D-4B6C-A046-00B9D8F94EE4}.Debug|Any CPU.Build.0 = Debug|Any CPU
		{215265EA-B19D-4B6C-A046-00B9D8F94EE4}.Release|Any CPU.ActiveCfg = Release|Any CPU
		{215265EA-B19D-4B6C-A046-00B9D8F94EE4}.Release|Any CPU.Build.0 = Release|Any CPU
		{B96DBA50-642E-4CA7-8D44-843023ADBA36}.Debug|Any CPU.ActiveCfg = Debug|Any CPU
		{B96DBA50-642E-4CA7-8D44-843023ADBA36}.Debug|Any CPU.Build.0 = Debug|Any CPU
		{B96DBA50-642E-4CA7-8D44-843023ADBA36}.Release|Any CPU.ActiveCfg = Release|Any CPU
		{B96DBA50-642E-4CA7-8D44-843023ADBA36}.Release|Any CPU.Build.0 = Release|Any CPU
		{9CF05A37-EB62-46DE-8F43-6603AC0AFD78}.Debug|Any CPU.ActiveCfg = Debug|Any CPU
		{9CF05A37-EB62-46DE-8F43-6603AC0AFD78}.Debug|Any CPU.Build.0 = Debug|Any CPU
		{9CF05A37-EB62-46DE-8F43-6603AC0AFD78}.Release|Any CPU.ActiveCfg = Release|Any CPU
		{9CF05A37-EB62-46DE-8F43-6603AC0AFD78}.Release|Any CPU.Build.0 = Release|Any CPU
		{453CCC1F-9DCC-4C19-8E2B-B1E56FA3C2E0}.Debug|Any CPU.ActiveCfg = Debug|Any CPU
		{453CCC1F-9DCC-4C19-8E2B-B1E56FA3C2E0}.Debug|Any CPU.Build.0 = Debug|Any CPU
		{453CCC1F-9DCC-4C19-8E2B-B1E56FA3C2E0}.Release|Any CPU.ActiveCfg = Release|Any CPU
		{453CCC1F-9DCC-4C19-8E2B-B1E56FA3C2E0}.Release|Any CPU.Build.0 = Release|Any CPU
		{9C16156B-EFF4-472C-8FB6-CED56F04652D}.Debug|Any CPU.ActiveCfg = Debug|Any CPU
		{9C16156B-EFF4-472C-8FB6-CED56F04652D}.Debug|Any CPU.Build.0 = Debug|Any CPU
		{9C16156B-EFF4-472C-8FB6-CED56F04652D}.Release|Any CPU.ActiveCfg = Release|Any CPU
		{9C16156B-EFF4-472C-8FB6-CED56F04652D}.Release|Any CPU.Build.0 = Release|Any CPU
		{833A491D-A85E-443F-9312-6062EE8237FA}.Debug|Any CPU.ActiveCfg = Debug|Any CPU
		{833A491D-A85E-443F-9312-6062EE8237FA}.Debug|Any CPU.Build.0 = Debug|Any CPU
		{833A491D-A85E-443F-9312-6062EE8237FA}.Release|Any CPU.ActiveCfg = Release|Any CPU
		{833A491D-A85E-443F-9312-6062EE8237FA}.Release|Any CPU.Build.0 = Release|Any CPU
		{7F397C22-5328-4F66-B0A4-684EBA9564E6}.Debug|Any CPU.ActiveCfg = Debug|Any CPU
		{7F397C22-5328-4F66-B0A4-684EBA9564E6}.Debug|Any CPU.Build.0 = Debug|Any CPU
		{7F397C22-5328-4F66-B0A4-684EBA9564E6}.Release|Any CPU.ActiveCfg = Release|Any CPU
		{7F397C22-5328-4F66-B0A4-684EBA9564E6}.Release|Any CPU.Build.0 = Release|Any CPU
	EndGlobalSection
	GlobalSection(SolutionProperties) = preSolution
		HideSolutionNode = FALSE
	EndGlobalSection
	GlobalSection(NestedProjects) = preSolution
		{B971A345-2B24-4A71-BED4-17F601B1D996} = {325EFF17-0462-47BD-B3C1-3D3BF319A7AE}
		{215265EA-B19D-4B6C-A046-00B9D8F94EE4} = {39371D32-EDE5-4B97-B736-66D9663E651E}
		{B96DBA50-642E-4CA7-8D44-843023ADBA36} = {0F954211-4B97-4585-8C45-518474B83607}
		{9CF05A37-EB62-46DE-8F43-6603AC0AFD78} = {2ACEECD0-455B-434D-9C69-5CB3412E0AC2}
		{453CCC1F-9DCC-4C19-8E2B-B1E56FA3C2E0} = {12567217-3BF7-4934-A642-A339A7DFCA2E}
		{9C16156B-EFF4-472C-8FB6-CED56F04652D} = {C7F9215A-669B-471B-A0EA-A55F2C1633DA}
		{833A491D-A85E-443F-9312-6062EE8237FA} = {382B6726-3430-4565-B31A-ECE9F1AC4293}
		{7F397C22-5328-4F66-B0A4-684EBA9564E6} = {54D2DFEF-C797-4106-B6F5-28096422751F}
	EndGlobalSection
EndGlobal
